
Microsoft Visual Studio Solution File, Format Version 12.00
# Visual Studio Version 17
VisualStudioVersion = 17.12.35707.178
MinimumVisualStudioVersion = 10.0.40219.1
Project("{2150E333-8FDC-42A3-9474-1A3956D46DE8}") = "Client", "Client", "{59E1E29E-5A1B-437A-8176-227495D3B259}"
EndProject
Project("{2150E333-8FDC-42A3-9474-1A3956D46DE8}") = "Gateway", "Gateway", "{A54E6AF9-2398-4262-8ABB-8D92104F3BCF}"
EndProject
Project("{2150E333-8FDC-42A3-9474-1A3956D46DE8}") = "Integration", "Integration", "{484CA4CB-A383-45A2-AFE3-7F86A94AC23A}"
EndProject
Project("{2150E333-8FDC-42A3-9474-1A3956D46DE8}") = "Services", "Services", "{F99C01AF-95CC-4564-B1CA-3DADDF2567F3}"
EndProject
Project("{FAE04EC0-301F-11D3-BF4B-00C04F79EFBC}") = "Coupon.Api", "Services\Coupon.Api\Coupon.Api.csproj", "{2B971238-BACE-4AA1-BC11-AC123B9D4F4E}"
EndProject
Project("{FAE04EC0-301F-11D3-BF4B-00C04F79EFBC}") = "Dine.Web", "Client\Dine.Web\Dine.Web.csproj", "{970F08B7-0C1C-4DD7-9018-4924F2825D99}"
EndProject
Project("{FAE04EC0-301F-11D3-BF4B-00C04F79EFBC}") = "Auth.Api", "Services\Auth.Api\Auth.Api.csproj", "{41728886-0303-4CBB-80E7-265E3672BF2E}"
EndProject
Project("{FAE04EC0-301F-11D3-BF4B-00C04F79EFBC}") = "Products.Api", "Services\Product.Api\Products.Api.csproj", "{30787CF4-3995-4B0C-AAFE-EAF8F1422075}"
EndProject
Project("{FAE04EC0-301F-11D3-BF4B-00C04F79EFBC}") = "ShoppingCart.Api", "Services\ShoppingCart.Api\ShoppingCart.Api.csproj", "{E001E174-EBAD-41A0-B0E8-DB7B6C593984}"
EndProject
Project("{FAE04EC0-301F-11D3-BF4B-00C04F79EFBC}") = "Dine.MessageBus", "Integration\Dine.MessageBus\Dine.MessageBus.csproj", "{52B980B8-8A3C-4C32-9E96-DCBDD4587489}"
EndProject
Project("{FAE04EC0-301F-11D3-BF4B-00C04F79EFBC}") = "Email.Api", "Services\Email.Api\Email.Api.csproj", "{E4FF2869-4907-40F9-A09B-C9CA68089832}"
EndProject
Project("{FAE04EC0-301F-11D3-BF4B-00C04F79EFBC}") = "Order.Api", "Services\Order.Api\Order.Api.csproj", "{4A1801AB-85AC-4774-BCEC-735F4387AD06}"
EndProject
Global
	GlobalSection(SolutionConfigurationPlatforms) = preSolution
		Debug|Any CPU = Debug|Any CPU
		Release|Any CPU = Release|Any CPU
	EndGlobalSection
	GlobalSection(ProjectConfigurationPlatforms) = postSolution
		{2B971238-BACE-4AA1-BC11-AC123B9D4F4E}.Debug|Any CPU.ActiveCfg = Debug|Any CPU
		{2B971238-BACE-4AA1-BC11-AC123B9D4F4E}.Debug|Any CPU.Build.0 = Debug|Any CPU
		{2B971238-BACE-4AA1-BC11-AC123B9D4F4E}.Release|Any CPU.ActiveCfg = Release|Any CPU
		{2B971238-BACE-4AA1-BC11-AC123B9D4F4E}.Release|Any CPU.Build.0 = Release|Any CPU
		{970F08B7-0C1C-4DD7-9018-4924F2825D99}.Debug|Any CPU.ActiveCfg = Debug|Any CPU
		{970F08B7-0C1C-4DD7-9018-4924F2825D99}.Debug|Any CPU.Build.0 = Debug|Any CPU
		{970F08B7-0C1C-4DD7-9018-4924F2825D99}.Release|Any CPU.ActiveCfg = Release|Any CPU
		{970F08B7-0C1C-4DD7-9018-4924F2825D99}.Release|Any CPU.Build.0 = Release|Any CPU
		{41728886-0303-4CBB-80E7-265E3672BF2E}.Debug|Any CPU.ActiveCfg = Debug|Any CPU
		{41728886-0303-4CBB-80E7-265E3672BF2E}.Debug|Any CPU.Build.0 = Debug|Any CPU
		{41728886-0303-4CBB-80E7-265E3672BF2E}.Release|Any CPU.ActiveCfg = Release|Any CPU
		{41728886-0303-4CBB-80E7-265E3672BF2E}.Release|Any CPU.Build.0 = Release|Any CPU
		{30787CF4-3995-4B0C-AAFE-EAF8F1422075}.Debug|Any CPU.ActiveCfg = Debug|Any CPU
		{30787CF4-3995-4B0C-AAFE-EAF8F1422075}.Debug|Any CPU.Build.0 = Debug|Any CPU
		{30787CF4-3995-4B0C-AAFE-EAF8F1422075}.Release|Any CPU.ActiveCfg = Release|Any CPU
		{30787CF4-3995-4B0C-AAFE-EAF8F1422075}.Release|Any CPU.Build.0 = Release|Any CPU
		{E001E174-EBAD-41A0-B0E8-DB7B6C593984}.Debug|Any CPU.ActiveCfg = Debug|Any CPU
		{E001E174-EBAD-41A0-B0E8-DB7B6C593984}.Debug|Any CPU.Build.0 = Debug|Any CPU
		{E001E174-EBAD-41A0-B0E8-DB7B6C593984}.Release|Any CPU.ActiveCfg = Release|Any CPU
		{E001E174-EBAD-41A0-B0E8-DB7B6C593984}.Release|Any CPU.Build.0 = Release|Any CPU
		{52B980B8-8A3C-4C32-9E96-DCBDD4587489}.Debug|Any CPU.ActiveCfg = Debug|Any CPU
		{52B980B8-8A3C-4C32-9E96-DCBDD4587489}.Debug|Any CPU.Build.0 = Debug|Any CPU
		{52B980B8-8A3C-4C32-9E96-DCBDD4587489}.Release|Any CPU.ActiveCfg = Release|Any CPU
		{52B980B8-8A3C-4C32-9E96-DCBDD4587489}.Release|Any CPU.Build.0 = Release|Any CPU
		{E4FF2869-4907-40F9-A09B-C9CA68089832}.Debug|Any CPU.ActiveCfg = Debug|Any CPU
		{E4FF2869-4907-40F9-A09B-C9CA68089832}.Debug|Any CPU.Build.0 = Debug|Any CPU
		{E4FF2869-4907-40F9-A09B-C9CA68089832}.Release|Any CPU.ActiveCfg = Release|Any CPU
		{E4FF2869-4907-40F9-A09B-C9CA68089832}.Release|Any CPU.Build.0 = Release|Any CPU
		{4A1801AB-85AC-4774-BCEC-735F4387AD06}.Debug|Any CPU.ActiveCfg = Debug|Any CPU
		{4A1801AB-85AC-4774-BCEC-735F4387AD06}.Debug|Any CPU.Build.0 = Debug|Any CPU
		{4A1801AB-85AC-4774-BCEC-735F4387AD06}.Release|Any CPU.ActiveCfg = Release|Any CPU
		{4A1801AB-85AC-4774-BCEC-735F4387AD06}.Release|Any CPU.Build.0 = Release|Any CPU
	EndGlobalSection
	GlobalSection(SolutionProperties) = preSolution
		HideSolutionNode = FALSE
	EndGlobalSection
	GlobalSection(NestedProjects) = preSolution
		{2B971238-BACE-4AA1-BC11-AC123B9D4F4E} = {F99C01AF-95CC-4564-B1CA-3DADDF2567F3}
		{970F08B7-0C1C-4DD7-9018-4924F2825D99} = {59E1E29E-5A1B-437A-8176-227495D3B259}
		{41728886-0303-4CBB-80E7-265E3672BF2E} = {F99C01AF-95CC-4564-B1CA-3DADDF2567F3}
		{30787CF4-3995-4B0C-AAFE-EAF8F1422075} = {F99C01AF-95CC-4564-B1CA-3DADDF2567F3}
		{E001E174-EBAD-41A0-B0E8-DB7B6C593984} = {F99C01AF-95CC-4564-B1CA-3DADDF2567F3}
		{52B980B8-8A3C-4C32-9E96-DCBDD4587489} = {484CA4CB-A383-45A2-AFE3-7F86A94AC23A}
		{E4FF2869-4907-40F9-A09B-C9CA68089832} = {F99C01AF-95CC-4564-B1CA-3DADDF2567F3}
		{4A1801AB-85AC-4774-BCEC-735F4387AD06} = {F99C01AF-95CC-4564-B1CA-3DADDF2567F3}
	EndGlobalSection
	GlobalSection(ExtensibilityGlobals) = postSolution
		SolutionGuid = {BBC540D9-A8FF-4D95-9311-024D49771C2C}
	EndGlobalSection
EndGlobal
